// !$*UTF8*$!
{
	archiveVersion = 1;
	classes = {
	};
	objectVersion = 46;
	objects = {

/* Begin PBXBuildFile section */
		F07E067F1BF5A9EB007D026E /* main.m in Sources */ = {isa = PBXBuildFile; fileRef = F07E067E1BF5A9EB007D026E /* main.m */; };
		F07E06821BF5A9EB007D026E /* AppDelegate.m in Sources */ = {isa = PBXBuildFile; fileRef = F07E06811BF5A9EB007D026E /* AppDelegate.m */; };
		F07E06851BF5A9EB007D026E /* ViewController.m in Sources */ = {isa = PBXBuildFile; fileRef = F07E06841BF5A9EB007D026E /* ViewController.m */; };
		F07E06881BF5A9EB007D026E /* Main.storyboard in Resources */ = {isa = PBXBuildFile; fileRef = F07E06861BF5A9EB007D026E /* Main.storyboard */; };
		F07E068A1BF5A9EB007D026E /* Assets.xcassets in Resources */ = {isa = PBXBuildFile; fileRef = F07E06891BF5A9EB007D026E /* Assets.xcassets */; };
		F07E068D1BF5A9EB007D026E /* LaunchScreen.storyboard in Resources */ = {isa = PBXBuildFile; fileRef = F07E068B1BF5A9EB007D026E /* LaunchScreen.storyboard */; };
		F07E06981BF5A9EB007D026E /* SCCatWaitingHUDTests.m in Sources */ = {isa = PBXBuildFile; fileRef = F07E06971BF5A9EB007D026E /* SCCatWaitingHUDTests.m */; };
		F07E06A31BF5A9EC007D026E /* SCCatWaitingHUDUITests.m in Sources */ = {isa = PBXBuildFile; fileRef = F07E06A21BF5A9EC007D026E /* SCCatWaitingHUDUITests.m */; };
		F07E06B51BF5AA89007D026E /* UIViewExt.m in Sources */ = {isa = PBXBuildFile; fileRef = F07E06B41BF5AA89007D026E /* UIViewExt.m */; };
		F07E06B81BF5AA9B007D026E /* SCCatWaitingHUD.m in Sources */ = {isa = PBXBuildFile; fileRef = F07E06B71BF5AA9B007D026E /* SCCatWaitingHUD.m */; };
/* End PBXBuildFile section */

/* Begin PBXContainerItemProxy section */
		F07E06941BF5A9EB007D026E /* PBXContainerItemProxy */ = {
			isa = PBXContainerItemProxy;
			containerPortal = F07E06721BF5A9EB007D026E /* Project object */;
			proxyType = 1;
			remoteGlobalIDString = F07E06791BF5A9EB007D026E;
			remoteInfo = SCCatWaitingHUD;
		};
		F07E069F1BF5A9EC007D026E /* PBXContainerItemProxy */ = {
			isa = PBXContainerItemProxy;
			containerPortal = F07E06721BF5A9EB007D026E /* Project object */;
			proxyType = 1;
			remoteGlobalIDString = F07E06791BF5A9EB007D026E;
			remoteInfo = SCCatWaitingHUD;
		};
/* End PBXContainerItemProxy section */

/* Begin PBXFileReference section */
		F07E067A1BF5A9EB007D026E /* SCCatWaitingHUD.app */ = {isa = PBXFileReference; explicitFileType = wrapper.application; includeInIndex = 0; path = SCCatWaitingHUD.app; sourceTree = BUILT_PRODUCTS_DIR; };
		F07E067E1BF5A9EB007D026E /* main.m */ = {isa = PBXFileReference; lastKnownFileType = sourcecode.c.objc; path = main.m; sourceTree = "<group>"; };
		F07E06801BF5A9EB007D026E /* AppDelegate.h */ = {isa = PBXFileReference; lastKnownFileType = sourcecode.c.h; path = AppDelegate.h; sourceTree = "<group>"; };
		F07E06811BF5A9EB007D026E /* AppDelegate.m */ = {isa = PBXFileReference; lastKnownFileType = sourcecode.c.objc; path = AppDelegate.m; sourceTree = "<group>"; };
		F07E06831BF5A9EB007D026E /* ViewController.h */ = {isa = PBXFileReference; lastKnownFileType = sourcecode.c.h; path = ViewController.h; sourceTree = "<group>"; };
		F07E06841BF5A9EB007D026E /* ViewController.m */ = {isa = PBXFileReference; lastKnownFileType = sourcecode.c.objc; path = ViewController.m; sourceTree = "<group>"; };
		F07E06871BF5A9EB007D026E /* Base */ = {isa = PBXFileReference; lastKnownFileType = file.storyboard; name = Base; path = Base.lproj/Main.storyboard; sourceTree = "<group>"; };
		F07E06891BF5A9EB007D026E /* Assets.xcassets */ = {isa = PBXFileReference; lastKnownFileType = folder.assetcatalog; path = Assets.xcassets; sourceTree = "<group>"; };
		F07E068C1BF5A9EB007D026E /* Base */ = {isa = PBXFileReference; lastKnownFileType = file.storyboard; name = Base; path = Base.lproj/LaunchScreen.storyboard; sourceTree = "<group>"; };
		F07E068E1BF5A9EB007D026E /* Info.plist */ = {isa = PBXFileReference; lastKnownFileType = text.plist.xml; path = Info.plist; sourceTree = "<group>"; };
		F07E06931BF5A9EB007D026E /* SCCatWaitingHUDTests.xctest */ = {isa = PBXFileReference; explicitFileType = wrapper.cfbundle; includeInIndex = 0; path = SCCatWaitingHUDTests.xctest; sourceTree = BUILT_PRODUCTS_DIR; };
		F07E06971BF5A9EB007D026E /* SCCatWaitingHUDTests.m */ = {isa = PBXFileReference; lastKnownFileType = sourcecode.c.objc; path = SCCatWaitingHUDTests.m; sourceTree = "<group>"; };
		F07E06991BF5A9EB007D026E /* Info.plist */ = {isa = PBXFileReference; lastKnownFileType = text.plist.xml; path = Info.plist; sourceTree = "<group>"; };
		F07E069E1BF5A9EC007D026E /* SCCatWaitingHUDUITests.xctest */ = {isa = PBXFileReference; explicitFileType = wrapper.cfbundle; includeInIndex = 0; path = SCCatWaitingHUDUITests.xctest; sourceTree = BUILT_PRODUCTS_DIR; };
		F07E06A21BF5A9EC007D026E /* SCCatWaitingHUDUITests.m */ = {isa = PBXFileReference; lastKnownFileType = sourcecode.c.objc; path = SCCatWaitingHUDUITests.m; sourceTree = "<group>"; };
		F07E06A41BF5A9EC007D026E /* Info.plist */ = {isa = PBXFileReference; lastKnownFileType = text.plist.xml; path = Info.plist; sourceTree = "<group>"; };
		F07E06B31BF5AA89007D026E /* UIViewExt.h */ = {isa = PBXFileReference; fileEncoding = 4; lastKnownFileType = sourcecode.c.h; path = UIViewExt.h; sourceTree = "<group>"; };
		F07E06B41BF5AA89007D026E /* UIViewExt.m */ = {isa = PBXFileReference; fileEncoding = 4; lastKnownFileType = sourcecode.c.objc; path = UIViewExt.m; sourceTree = "<group>"; };
		F07E06B61BF5AA9B007D026E /* SCCatWaitingHUD.h */ = {isa = PBXFileReference; fileEncoding = 4; lastKnownFileType = sourcecode.c.h; path = SCCatWaitingHUD.h; sourceTree = "<group>"; };
		F07E06B71BF5AA9B007D026E /* SCCatWaitingHUD.m */ = {isa = PBXFileReference; fileEncoding = 4; lastKnownFileType = sourcecode.c.objc; path = SCCatWaitingHUD.m; sourceTree = "<group>"; };
		F07E06B91BF5AD61007D026E /* GlobalHeader.h */ = {isa = PBXFileReference; fileEncoding = 4; lastKnownFileType = sourcecode.c.h; path = GlobalHeader.h; sourceTree = "<group>"; };
/* End PBXFileReference section */

/* Begin PBXFrameworksBuildPhase section */
		F07E06771BF5A9EB007D026E /* Frameworks */ = {
			isa = PBXFrameworksBuildPhase;
			buildActionMask = 2147483647;
			files = (
			);
			runOnlyForDeploymentPostprocessing = 0;
		};
		F07E06901BF5A9EB007D026E /* Frameworks */ = {
			isa = PBXFrameworksBuildPhase;
			buildActionMask = 2147483647;
			files = (
			);
			runOnlyForDeploymentPostprocessing = 0;
		};
		F07E069B1BF5A9EB007D026E /* Frameworks */ = {
			isa = PBXFrameworksBuildPhase;
			buildActionMask = 2147483647;
			files = (
			);
			runOnlyForDeploymentPostprocessing = 0;
		};
/* End PBXFrameworksBuildPhase section */

/* Begin PBXGroup section */
		F07E06711BF5A9EB007D026E = {
			isa = PBXGroup;
			children = (
				F07E067C1BF5A9EB007D026E /* SCCatWaitingHUD */,
				F07E06961BF5A9EB007D026E /* SCCatWaitingHUDTests */,
				F07E06A11BF5A9EC007D026E /* SCCatWaitingHUDUITests */,
				F07E067B1BF5A9EB007D026E /* Products */,
			);
			sourceTree = "<group>";
		};
		F07E067B1BF5A9EB007D026E /* Products */ = {
			isa = PBXGroup;
			children = (
				F07E067A1BF5A9EB007D026E /* SCCatWaitingHUD.app */,
				F07E06931BF5A9EB007D026E /* SCCatWaitingHUDTests.xctest */,
				F07E069E1BF5A9EC007D026E /* SCCatWaitingHUDUITests.xctest */,
			);
			name = Products;
			sourceTree = "<group>";
		};
		F07E067C1BF5A9EB007D026E /* SCCatWaitingHUD */ = {
			isa = PBXGroup;
			children = (
				F07E06B21BF5AA6C007D026E /* Utils */,
				F07E06B11BF5AA65007D026E /* View */,
				F07E06B01BF5AA25007D026E /* Controller */,
				F07E067D1BF5A9EB007D026E /* Supporting Files */,
			);
			path = SCCatWaitingHUD;
			sourceTree = "<group>";
		};
		F07E067D1BF5A9EB007D026E /* Supporting Files */ = {
			isa = PBXGroup;
			children = (
				F07E06801BF5A9EB007D026E /* AppDelegate.h */,
				F07E06811BF5A9EB007D026E /* AppDelegate.m */,
				F07E06861BF5A9EB007D026E /* Main.storyboard */,
				F07E06891BF5A9EB007D026E /* Assets.xcassets */,
				F07E068B1BF5A9EB007D026E /* LaunchScreen.storyboard */,
				F07E068E1BF5A9EB007D026E /* Info.plist */,
				F07E067E1BF5A9EB007D026E /* main.m */,
				F07E06B91BF5AD61007D026E /* GlobalHeader.h */,
			);
			name = "Supporting Files";
			sourceTree = "<group>";
		};
		F07E06961BF5A9EB007D026E /* SCCatWaitingHUDTests */ = {
			isa = PBXGroup;
			children = (
				F07E06971BF5A9EB007D026E /* SCCatWaitingHUDTests.m */,
				F07E06991BF5A9EB007D026E /* Info.plist */,
			);
			path = SCCatWaitingHUDTests;
			sourceTree = "<group>";
		};
		F07E06A11BF5A9EC007D026E /* SCCatWaitingHUDUITests */ = {
			isa = PBXGroup;
			children = (
				F07E06A21BF5A9EC007D026E /* SCCatWaitingHUDUITests.m */,
				F07E06A41BF5A9EC007D026E /* Info.plist */,
			);
			path = SCCatWaitingHUDUITests;
			sourceTree = "<group>";
		};
		F07E06B01BF5AA25007D026E /* Controller */ = {
			isa = PBXGroup;
			children = (
				F07E06831BF5A9EB007D026E /* ViewController.h */,
				F07E06841BF5A9EB007D026E /* ViewController.m */,
			);
			name = Controller;
			sourceTree = "<group>";
		};
		F07E06B11BF5AA65007D026E /* View */ = {
			isa = PBXGroup;
			children = (
				F07E06B61BF5AA9B007D026E /* SCCatWaitingHUD.h */,
				F07E06B71BF5AA9B007D026E /* SCCatWaitingHUD.m */,
			);
			name = View;
			sourceTree = "<group>";
		};
		F07E06B21BF5AA6C007D026E /* Utils */ = {
			isa = PBXGroup;
			children = (
				F07E06B31BF5AA89007D026E /* UIViewExt.h */,
				F07E06B41BF5AA89007D026E /* UIViewExt.m */,
			);
			name = Utils;
			sourceTree = "<group>";
		};
/* End PBXGroup section */

/* Begin PBXNativeTarget section */
		F07E06791BF5A9EB007D026E /* SCCatWaitingHUD */ = {
			isa = PBXNativeTarget;
			buildConfigurationList = F07E06A71BF5A9EC007D026E /* Build configuration list for PBXNativeTarget "SCCatWaitingHUD" */;
			buildPhases = (
				F07E06761BF5A9EB007D026E /* Sources */,
				F07E06771BF5A9EB007D026E /* Frameworks */,
				F07E06781BF5A9EB007D026E /* Resources */,
			);
			buildRules = (
			);
			dependencies = (
			);
			name = SCCatWaitingHUD;
			productName = SCCatWaitingHUD;
			productReference = F07E067A1BF5A9EB007D026E /* SCCatWaitingHUD.app */;
			productType = "com.apple.product-type.application";
		};
		F07E06921BF5A9EB007D026E /* SCCatWaitingHUDTests */ = {
			isa = PBXNativeTarget;
			buildConfigurationList = F07E06AA1BF5A9EC007D026E /* Build configuration list for PBXNativeTarget "SCCatWaitingHUDTests" */;
			buildPhases = (
				F07E068F1BF5A9EB007D026E /* Sources */,
				F07E06901BF5A9EB007D026E /* Frameworks */,
				F07E06911BF5A9EB007D026E /* Resources */,
			);
			buildRules = (
			);
			dependencies = (
				F07E06951BF5A9EB007D026E /* PBXTargetDependency */,
			);
			name = SCCatWaitingHUDTests;
			productName = SCCatWaitingHUDTests;
			productReference = F07E06931BF5A9EB007D026E /* SCCatWaitingHUDTests.xctest */;
			productType = "com.apple.product-type.bundle.unit-test";
		};
		F07E069D1BF5A9EB007D026E /* SCCatWaitingHUDUITests */ = {
			isa = PBXNativeTarget;
			buildConfigurationList = F07E06AD1BF5A9EC007D026E /* Build configuration list for PBXNativeTarget "SCCatWaitingHUDUITests" */;
			buildPhases = (
				F07E069A1BF5A9EB007D026E /* Sources */,
				F07E069B1BF5A9EB007D026E /* Frameworks */,
				F07E069C1BF5A9EB007D026E /* Resources */,
			);
			buildRules = (
			);
			dependencies = (
				F07E06A01BF5A9EC007D026E /* PBXTargetDependency */,
			);
			name = SCCatWaitingHUDUITests;
			productName = SCCatWaitingHUDUITests;
			productReference = F07E069E1BF5A9EC007D026E /* SCCatWaitingHUDUITests.xctest */;
			productType = "com.apple.product-type.bundle.ui-testing";
		};
/* End PBXNativeTarget section */

/* Begin PBXProject section */
		F07E06721BF5A9EB007D026E /* Project object */ = {
			isa = PBXProject;
			attributes = {
				LastUpgradeCheck = 0710;
				ORGANIZATIONNAME = Animatious;
				TargetAttributes = {
					F07E06791BF5A9EB007D026E = {
						CreatedOnToolsVersion = 7.1;
					};
					F07E06921BF5A9EB007D026E = {
						CreatedOnToolsVersion = 7.1;
						TestTargetID = F07E06791BF5A9EB007D026E;
					};
					F07E069D1BF5A9EB007D026E = {
						CreatedOnToolsVersion = 7.1;
						TestTargetID = F07E06791BF5A9EB007D026E;
					};
				};
			};
			buildConfigurationList = F07E06751BF5A9EB007D026E /* Build configuration list for PBXProject "SCCatWaitingHUD" */;
			compatibilityVersion = "Xcode 3.2";
			developmentRegion = English;
			hasScannedForEncodings = 0;
			knownRegions = (
				en,
				Base,
			);
			mainGroup = F07E06711BF5A9EB007D026E;
			productRefGroup = F07E067B1BF5A9EB007D026E /* Products */;
			projectDirPath = "";
			projectRoot = "";
			targets = (
				F07E06791BF5A9EB007D026E /* SCCatWaitingHUD */,
				F07E06921BF5A9EB007D026E /* SCCatWaitingHUDTests */,
				F07E069D1BF5A9EB007D026E /* SCCatWaitingHUDUITests */,
			);
		};
/* End PBXProject section */

/* Begin PBXResourcesBuildPhase section */
		F07E06781BF5A9EB007D026E /* Resources */ = {
			isa = PBXResourcesBuildPhase;
			buildActionMask = 2147483647;
			files = (
				F07E068D1BF5A9EB007D026E /* LaunchScreen.storyboard in Resources */,
				F07E068A1BF5A9EB007D026E /* Assets.xcassets in Resources */,
				F07E06881BF5A9EB007D026E /* Main.storyboard in Resources */,
			);
			runOnlyForDeploymentPostprocessing = 0;
		};
		F07E06911BF5A9EB007D026E /* Resources */ = {
			isa = PBXResourcesBuildPhase;
			buildActionMask = 2147483647;
			files = (
			);
			runOnlyForDeploymentPostprocessing = 0;
		};
		F07E069C1BF5A9EB007D026E /* Resources */ = {
			isa = PBXResourcesBuildPhase;
			buildActionMask = 2147483647;
			files = (
			);
			runOnlyForDeploymentPostprocessing = 0;
		};
/* End PBXResourcesBuildPhase section */

/* Begin PBXSourcesBuildPhase section */
		F07E06761BF5A9EB007D026E /* Sources */ = {
			isa = PBXSourcesBuildPhase;
			buildActionMask = 2147483647;
			files = (
				F07E06B51BF5AA89007D026E /* UIViewExt.m in Sources */,
				F07E06851BF5A9EB007D026E /* ViewController.m in Sources */,
				F07E06821BF5A9EB007D026E /* AppDelegate.m in Sources */,
				F07E06B81BF5AA9B007D026E /* SCCatWaitingHUD.m in Sources */,
				F07E067F1BF5A9EB007D026E /* main.m in Sources */,
			);
			runOnlyForDeploymentPostprocessing = 0;
		};
		F07E068F1BF5A9EB007D026E /* Sources */ = {
			isa = PBXSourcesBuildPhase;
			buildActionMask = 2147483647;
			files = (
				F07E06981BF5A9EB007D026E /* SCCatWaitingHUDTests.m in Sources */,
			);
			runOnlyForDeploymentPostprocessing = 0;
		};
		F07E069A1BF5A9EB007D026E /* Sources */ = {
			isa = PBXSourcesBuildPhase;
			buildActionMask = 2147483647;
			files = (
				F07E06A31BF5A9EC007D026E /* SCCatWaitingHUDUITests.m in Sources */,
			);
			runOnlyForDeploymentPostprocessing = 0;
		};
/* End PBXSourcesBuildPhase section */

/* Begin PBXTargetDependency section */
		F07E06951BF5A9EB007D026E /* PBXTargetDependency */ = {
			isa = PBXTargetDependency;
			target = F07E06791BF5A9EB007D026E /* SCCatWaitingHUD */;
			targetProxy = F07E06941BF5A9EB007D026E /* PBXContainerItemProxy */;
		};
		F07E06A01BF5A9EC007D026E /* PBXTargetDependency */ = {
			isa = PBXTargetDependency;
			target = F07E06791BF5A9EB007D026E /* SCCatWaitingHUD */;
			targetProxy = F07E069F1BF5A9EC007D026E /* PBXContainerItemProxy */;
		};
/* End PBXTargetDependency section */

/* Begin PBXVariantGroup section */
		F07E06861BF5A9EB007D026E /* Main.storyboard */ = {
			isa = PBXVariantGroup;
			children = (
				F07E06871BF5A9EB007D026E /* Base */,
			);
			name = Main.storyboard;
			sourceTree = "<group>";
		};
		F07E068B1BF5A9EB007D026E /* LaunchScreen.storyboard */ = {
			isa = PBXVariantGroup;
			children = (
				F07E068C1BF5A9EB007D026E /* Base */,
			);
			name = LaunchScreen.storyboard;
			sourceTree = "<group>";
		};
/* End PBXVariantGroup section */

/* Begin XCBuildConfiguration section */
		F07E06A51BF5A9EC007D026E /* Debug */ = {
			isa = XCBuildConfiguration;
			buildSettings = {
				ALWAYS_SEARCH_USER_PATHS = NO;
				CLANG_CXX_LANGUAGE_STANDARD = "gnu++0x";
				CLANG_CXX_LIBRARY = "libc++";
				CLANG_ENABLE_MODULES = YES;
				CLANG_ENABLE_OBJC_ARC = YES;
				CLANG_WARN_BOOL_CONVERSION = YES;
				CLANG_WARN_CONSTANT_CONVERSION = YES;
				CLANG_WARN_DIRECT_OBJC_ISA_USAGE = YES_ERROR;
				CLANG_WARN_EMPTY_BODY = YES;
				CLANG_WARN_ENUM_CONVERSION = YES;
				CLANG_WARN_INT_CONVERSION = YES;
				CLANG_WARN_OBJC_ROOT_CLASS = YES_ERROR;
				CLANG_WARN_UNREACHABLE_CODE = YES;
				CLANG_WARN__DUPLICATE_METHOD_MATCH = YES;
				"CODE_SIGN_IDENTITY[sdk=iphoneos*]" = "iPhone Developer";
				COPY_PHASE_STRIP = NO;
				DEBUG_INFORMATION_FORMAT = dwarf;
				ENABLE_STRICT_OBJC_MSGSEND = YES;
				ENABLE_TESTABILITY = YES;
				GCC_C_LANGUAGE_STANDARD = gnu99;
				GCC_DYNAMIC_NO_PIC = NO;
				GCC_NO_COMMON_BLOCKS = YES;
				GCC_OPTIMIZATION_LEVEL = 0;
				GCC_PREPROCESSOR_DEFINITIONS = (
					"DEBUG=1",
					"$(inherited)",
				);
				GCC_WARN_64_TO_32_BIT_CONVERSION = YES;
				GCC_WARN_ABOUT_RETURN_TYPE = YES_ERROR;
				GCC_WARN_UNDECLARED_SELECTOR = YES;
				GCC_WARN_UNINITIALIZED_AUTOS = YES_AGGRESSIVE;
				GCC_WARN_UNUSED_FUNCTION = YES;
				GCC_WARN_UNUSED_VARIABLE = YES;
				IPHONEOS_DEPLOYMENT_TARGET = 9.1;
				MTL_ENABLE_DEBUG_INFO = YES;
				ONLY_ACTIVE_ARCH = YES;
				SDKROOT = iphoneos;
			};
			name = Debug;
		};
		F07E06A61BF5A9EC007D026E /* Release */ = {
			isa = XCBuildConfiguration;
			buildSettings = {
				ALWAYS_SEARCH_USER_PATHS = NO;
				CLANG_CXX_LANGUAGE_STANDARD = "gnu++0x";
				CLANG_CXX_LIBRARY = "libc++";
				CLANG_ENABLE_MODULES = YES;
				CLANG_ENABLE_OBJC_ARC = YES;
				CLANG_WARN_BOOL_CONVERSION = YES;
				CLANG_WARN_CONSTANT_CONVERSION = YES;
				CLANG_WARN_DIRECT_OBJC_ISA_USAGE = YES_ERROR;
				CLANG_WARN_EMPTY_BODY = YES;
				CLANG_WARN_ENUM_CONVERSION = YES;
				CLANG_WARN_INT_CONVERSION = YES;
				CLANG_WARN_OBJC_ROOT_CLASS = YES_ERROR;
				CLANG_WARN_UNREACHABLE_CODE = YES;
				CLANG_WARN__DUPLICATE_METHOD_MATCH = YES;
				"CODE_SIGN_IDENTITY[sdk=iphoneos*]" = "iPhone Developer";
				COPY_PHASE_STRIP = NO;
				DEBUG_INFORMATION_FORMAT = "dwarf-with-dsym";
				ENABLE_NS_ASSERTIONS = NO;
				ENABLE_STRICT_OBJC_MSGSEND = YES;
				GCC_C_LANGUAGE_STANDARD = gnu99;
				GCC_NO_COMMON_BLOCKS = YES;
				GCC_WARN_64_TO_32_BIT_CONVERSION = YES;
				GCC_WARN_ABOUT_RETURN_TYPE = YES_ERROR;
				GCC_WARN_UNDECLARED_SELECTOR = YES;
				GCC_WARN_UNINITIALIZED_AUTOS = YES_AGGRESSIVE;
				GCC_WARN_UNUSED_FUNCTION = YES;
				GCC_WARN_UNUSED_VARIABLE = YES;
				IPHONEOS_DEPLOYMENT_TARGET = 9.1;
				MTL_ENABLE_DEBUG_INFO = NO;
				SDKROOT = iphoneos;
				VALIDATE_PRODUCT = YES;
			};
			name = Release;
		};
		F07E06A81BF5A9EC007D026E /* Debug */ = {
			isa = XCBuildConfiguration;
			buildSettings = {
				ASSETCATALOG_COMPILER_APPICON_NAME = AppIcon;
				INFOPLIST_FILE = SCCatWaitingHUD/Info.plist;
				IPHONEOS_DEPLOYMENT_TARGET = 8.0;
				LD_RUNPATH_SEARCH_PATHS = "$(inherited) @executable_path/Frameworks";
				PRODUCT_BUNDLE_IDENTIFIER = org.Animatious.SCCatWaitingHUD;
				PRODUCT_NAME = "$(TARGET_NAME)";
			};
			name = Debug;
		};
		F07E06A91BF5A9EC007D026E /* Release */ = {
			isa = XCBuildConfiguration;
			buildSettings = {
				ASSETCATALOG_COMPILER_APPICON_NAME = AppIcon;
				INFOPLIST_FILE = SCCatWaitingHUD/Info.plist;
				IPHONEOS_DEPLOYMENT_TARGET = 8.0;
				LD_RUNPATH_SEARCH_PATHS = "$(inherited) @executable_path/Frameworks";
				PRODUCT_BUNDLE_IDENTIFIER = org.Animatious.SCCatWaitingHUD;
				PRODUCT_NAME = "$(TARGET_NAME)";
			};
			name = Release;
		};
		F07E06AB1BF5A9EC007D026E /* Debug */ = {
			isa = XCBuildConfiguration;
			buildSettings = {
				BUNDLE_LOADER = "$(TEST_HOST)";
				INFOPLIST_FILE = SCCatWaitingHUDTests/Info.plist;
				LD_RUNPATH_SEARCH_PATHS = "$(inherited) @executable_path/Frameworks @loader_path/Frameworks";
				PRODUCT_BUNDLE_IDENTIFIER = org.Animatious.SCCatWaitingHUDTests;
				PRODUCT_NAME = "$(TARGET_NAME)";
				TEST_HOST = "$(BUILT_PRODUCTS_DIR)/SCCatWaitingHUD.app/SCCatWaitingHUD";
			};
			name = Debug;
		};
		F07E06AC1BF5A9EC007D026E /* Release */ = {
			isa = XCBuildConfiguration;
			buildSettings = {
				BUNDLE_LOADER = "$(TEST_HOST)";
				INFOPLIST_FILE = SCCatWaitingHUDTests/Info.plist;
				LD_RUNPATH_SEARCH_PATHS = "$(inherited) @executable_path/Frameworks @loader_path/Frameworks";
				PRODUCT_BUNDLE_IDENTIFIER = org.Animatious.SCCatWaitingHUDTests;
				PRODUCT_NAME = "$(TARGET_NAME)";
				TEST_HOST = "$(BUILT_PRODUCTS_DIR)/SCCatWaitingHUD.app/SCCatWaitingHUD";
			};
			name = Release;
		};
		F07E06AE1BF5A9EC007D026E /* Debug */ = {
			isa = XCBuildConfiguration;
			buildSettings = {
				INFOPLIST_FILE = SCCatWaitingHUDUITests/Info.plist;
				LD_RUNPATH_SEARCH_PATHS = "$(inherited) @executable_path/Frameworks @loader_path/Frameworks";
				PRODUCT_BUNDLE_IDENTIFIER = org.Animatious.SCCatWaitingHUDUITests;
				PRODUCT_NAME = "$(TARGET_NAME)";
				TEST_TARGET_NAME = SCCatWaitingHUD;
				USES_XCTRUNNER = YES;
			};
			name = Debug;
		};
		F07E06AF1BF5A9EC007D026E /* Release */ = {
			isa = XCBuildConfiguration;
			buildSettings = {
				INFOPLIST_FILE = SCCatWaitingHUDUITests/Info.plist;
				LD_RUNPATH_SEARCH_PATHS = "$(inherited) @executable_path/Frameworks @loader_path/Frameworks";
				PRODUCT_BUNDLE_IDENTIFIER = org.Animatious.SCCatWaitingHUDUITests;
				PRODUCT_NAME = "$(TARGET_NAME)";
				TEST_TARGET_NAME = SCCatWaitingHUD;
				USES_XCTRUNNER = YES;
			};
			name = Release;
		};
/* End XCBuildConfiguration section */

/* Begin XCConfigurationList section */
		F07E06751BF5A9EB007D026E /* Build configuration list for PBXProject "SCCatWaitingHUD" */ = {
			isa = XCConfigurationList;
			buildConfigurations = (
				F07E06A51BF5A9EC007D026E /* Debug */,
				F07E06A61BF5A9EC007D026E /* Release */,
			);
			defaultConfigurationIsVisible = 0;
			defaultConfigurationName = Release;
		};
		F07E06A71BF5A9EC007D026E /* Build configuration list for PBXNativeTarget "SCCatWaitingHUD" */ = {
			isa = XCConfigurationList;
			buildConfigurations = (
				F07E06A81BF5A9EC007D026E /* Debug */,
				F07E06A91BF5A9EC007D026E /* Release */,
			);
			defaultConfigurationIsVisible = 0;
		};
		F07E06AA1BF5A9EC007D026E /* Build configuration list for PBXNativeTarget "SCCatWaitingHUDTests" */ = {
			isa = XCConfigurationList;
			buildConfigurations = (
				F07E06AB1BF5A9EC007D026E /* Debug */,
				F07E06AC1BF5A9EC007D026E /* Release */,
			);
			defaultConfigurationIsVisible = 0;
		};
		F07E06AD1BF5A9EC007D026E /* Build configuration list for PBXNativeTarget "SCCatWaitingHUDUITests" */ = {
			isa = XCConfigurationList;
			buildConfigurations = (
				F07E06AE1BF5A9EC007D026E /* Debug */,
				F07E06AF1BF5A9EC007D026E /* Release */,
			);
			defaultConfigurationIsVisible = 0;
		};
/* End XCConfigurationList section */
	};
	rootObject = F07E06721BF5A9EB007D026E /* Project object */;
}
